# THIS IS AN AUTOGENERATED FILE. DO NOT EDIT THIS FILE DIRECTLY.
# yarn lockfile v1


"@types/pluralize@^0.0.29":
  version "0.0.29"
  resolved "https://registry.yarnpkg.com/@types/pluralize/-/pluralize-0.0.29.tgz#6ffa33ed1fc8813c469b859681d09707eb40d03c"
  integrity sha512-BYOID+l2Aco2nBik+iYS4SZX0Lf20KPILP5RGmM1IgzdwNdTs0eebiFriOPcej1sX9mLnSoiNte5zcFxssgpGA==

normalize-strings@^1.1.0:
  version "1.1.1"
  resolved "https://registry.yarnpkg.com/normalize-strings/-/normalize-strings-1.1.1.tgz#80f416daf75968899df8262e379a67e46d0b4b5a"
  integrity sha512-fARPRdTwmrQDLYhmeh7j/eZwrCP6WzxD6uKOdK/hT/uKACAE9AG2Bc2dgqOZLkfmmctHpfcJ9w3AQnfLgg3GYg==

pluralize@^8.0.0:
  version "8.0.0"
  resolved "https://registry.yarnpkg.com/pluralize/-/pluralize-8.0.0.tgz#1a6fa16a38d12a1901e0320fa017051c539ce3b1"
  integrity sha512-Nc3IT5yHzflTfbjgqWcCPpo7DaKy4FnpB0l/zCAW0Tc7jxAiuqSxHasntB3D7887LSrA93kDJ9IXovxJYxyLCA==

syllable@^5.0.0:
  version "5.0.0"
  resolved "https://registry.yarnpkg.com/syllable/-/syllable-5.0.0.tgz#da9d55871f56f5d1e00eb956d1ba69161a07f332"
  integrity sha512-6teCJHZp57d2bUZr31IK535feERjJWa2VnWhJaZxndfwCpdcC3gSKAem1NCBvhpx/biMoi1BXkrHpEsYsVac6g==
  dependencies:
    "@types/pluralize" "^0.0.29"
    normalize-strings "^1.1.0"
    pluralize "^8.0.0"

syllables-ru@^1.1.0:
  version "1.1.0"
  resolved "https://registry.yarnpkg.com/syllables-ru/-/syllables-ru-1.1.0.tgz#36cecbeb446c7130cc0f7d859a07ffe9c33664fa"
  integrity sha512-qP6KqdV0Ljv8VSHQSRHy5a6ccs4ZQcW6hBXc+sm1QBvAjVRK5PEla5tnWDtzLX0DFLGsQ5tMm9fSQLDd/EwaOA==
